
Microsoft Visual Studio Solution File, Format Version 12.00
# Visual Studio Version 17
VisualStudioVersion = 17.14.35821.62 d17.14
MinimumVisualStudioVersion = 10.0.40219.1
Project("{FAE04EC0-301F-11D3-BF4B-00C04F79EFBC}") = "souq", "souq.csproj", "{1A3142BF-4DFD-450A-8675-F7EB398BB428}"
EndProject
Global
	GlobalSection(SolutionConfigurationPlatforms) = preSolution
		Debug|Any CPU = Debug|Any CPU
		Release|Any CPU = Release|Any CPU
	EndGlobalSection
	GlobalSection(ProjectConfigurationPlatforms) = postSolution
		{1A3142BF-4DFD-450A-8675-F7EB398BB428}.Debug|Any CPU.ActiveCfg = Debug|Any CPU
		{1A3142BF-4DFD-450A-8675-F7EB398BB428}.Debug|Any CPU.Build.0 = Debug|Any CPU
		{1A3142BF-4DFD-450A-8675-F7EB398BB428}.Release|Any CPU.ActiveCfg = Release|Any CPU
		{1A3142BF-4DFD-450A-8675-F7EB398BB428}.Release|Any CPU.Build.0 = Release|Any CPU
	EndGlobalSection
	GlobalSection(SolutionProperties) = preSolution
		HideSolutionNode = FALSE
	EndGlobalSection
	GlobalSection(ExtensibilityGlobals) = postSolution
		SolutionGuid = {42BFDE49-F2B2-411C-B7E5-839C5845FA06}
	EndGlobalSection
EndGlobal
